
Microsoft Visual Studio Solution File, Format Version 12.00
# Visual Studio Version 16
VisualStudioVersion = 16.0.30204.135
MinimumVisualStudioVersion = 10.0.40219.1
Project("{8BC9CEB8-8B4A-11D0-8D11-00A0C91BC942}") = "Sandbox", "Sandbox\Sandbox.vcxproj", "{38DBF394-CECC-4A5C-AD6D-40701C70B3F6}"
EndProject
Project("{8BC9CEB8-8B4A-11D0-8D11-00A0C91BC942}") = "FarLight", "FarLight\FarLight.vcxproj", "{505270EE-448F-4EE9-88B4-0B4BE8040388}"
EndProject
Global
	GlobalSection(SolutionConfigurationPlatforms) = preSolution
		Debug|x64 = Debug|x64
		Release|x64 = Release|x64
	EndGlobalSection
	GlobalSection(ProjectConfigurationPlatforms) = postSolution
		{505270EE-448F-4EE9-88B4-0B4BE8040388}.Debug|x64.ActiveCfg = Debug|x64
		{505270EE-448F-4EE9-88B4-0B4BE8040388}.Debug|x64.Build.0 = Debug|x64
		{505270EE-448F-4EE9-88B4-0B4BE8040388}.Release|x64.ActiveCfg = Release|x64
		{505270EE-448F-4EE9-88B4-0B4BE8040388}.Release|x64.Build.0 = Release|x64
		{38DBF394-CECC-4A5C-AD6D-40701C70B3F6}.Debug|x64.ActiveCfg = Debug|x64
		{38DBF394-CECC-4A5C-AD6D-40701C70B3F6}.Debug|x64.Build.0 = Debug|x64
		{38DBF394-CECC-4A5C-AD6D-40701C70B3F6}.Release|x64.ActiveCfg = Release|x64
		{38DBF394-CECC-4A5C-AD6D-40701C70B3F6}.Release|x64.Build.0 = Release|x64
	EndGlobalSection
	GlobalSection(SolutionProperties) = preSolution
		HideSolutionNode = FALSE
	EndGlobalSection
	GlobalSection(ExtensibilityGlobals) = postSolution
		SolutionGuid = {F26ECC1C-C1B7-4777-AA93-B9B182BD1295}
	EndGlobalSection
EndGlobal
